
Microsoft Visual Studio Solution File, Format Version 12.00
# Visual Studio Version 16
VisualStudioVersion = 16.0.30413.136
MinimumVisualStudioVersion = 10.0.40219.1
Project("{FAE04EC0-301F-11D3-BF4B-00C04F79EFBC}") = "PracticeCode_JaggedArray", "PracticeCode_JaggedArray\PracticeCode_JaggedArray.csproj", "{630C1E63-0EDD-48F5-A929-05B17B269FD2}"
EndProject
Global
	GlobalSection(SolutionConfigurationPlatforms) = preSolution
		Debug|Any CPU = Debug|Any CPU
		Release|Any CPU = Release|Any CPU
	EndGlobalSection
	GlobalSection(ProjectConfigurationPlatforms) = postSolution
		{630C1E63-0EDD-48F5-A929-05B17B269FD2}.Debug|Any CPU.ActiveCfg = Debug|Any CPU
		{630C1E63-0EDD-48F5-A929-05B17B269FD2}.Debug|Any CPU.Build.0 = Debug|Any CPU
		{630C1E63-0EDD-48F5-A929-05B17B269FD2}.Release|Any CPU.ActiveCfg = Release|Any CPU
		{630C1E63-0EDD-48F5-A929-05B17B269FD2}.Release|Any CPU.Build.0 = Release|Any CPU
	EndGlobalSection
	GlobalSection(SolutionProperties) = preSolution
		HideSolutionNode = FALSE
	EndGlobalSection
	GlobalSection(ExtensibilityGlobals) = postSolution
		SolutionGuid = {EDE29F44-C633-4DB2-A417-02DB0F95962A}
	EndGlobalSection
EndGlobal
